{
    "_meta": {
        "hash": {
            "sha256": "800dc5e768c72e6686869a84c0c1e5c54a23d869be8f495dbe20000d4850a674"
        },
        "pipfile-spec": 6,
        "requires": {
            "python_version": "3.10"
        },
        "sources": [
            {
                "name": "pypi",
                "url": "https://pypi.org/simple",
                "verify_ssl": true
            }
        ]
    },
    "default": {
        "pypdf2": {
            "hashes": [
                "sha256:a568453329f8ad73bb001bcf70fd2fd97ec6525669c54552b2b9e99c2e469459",
                "sha256:ad48e18a3b93de2a769e7d70b025baea8060c3f31829b83b031d842125f059b6"
            ],
            "index": "pypi",
            "version": "==2.10.5"
        }
    },
    "develop": {}
}
